
Microsoft Visual Studio Solution File, Format Version 12.00
# Visual Studio Version 17
VisualStudioVersion = 17.6.33723.286
MinimumVisualStudioVersion = 10.0.40219.1
Project("{FAE04EC0-301F-11D3-BF4B-00C04F79EFBC}") = "WebApplication1", "WebApplication1\WebApplication1.csproj", "{CFD35D04-47B8-453D-8DDB-1A8E349FE025}"
EndProject
Global
	GlobalSection(SolutionConfigurationPlatforms) = preSolution
		Debug|Any CPU = Debug|Any CPU
		Release|Any CPU = Release|Any CPU
	EndGlobalSection
	GlobalSection(ProjectConfigurationPlatforms) = postSolution
		{CFD35D04-47B8-453D-8DDB-1A8E349FE025}.Debug|Any CPU.ActiveCfg = Debug|Any CPU
		{CFD35D04-47B8-453D-8DDB-1A8E349FE025}.Debug|Any CPU.Build.0 = Debug|Any CPU
		{CFD35D04-47B8-453D-8DDB-1A8E349FE025}.Release|Any CPU.ActiveCfg = Release|Any CPU
		{CFD35D04-47B8-453D-8DDB-1A8E349FE025}.Release|Any CPU.Build.0 = Release|Any CPU
	EndGlobalSection
	GlobalSection(SolutionProperties) = preSolution
		HideSolutionNode = FALSE
	EndGlobalSection
	GlobalSection(ExtensibilityGlobals) = postSolution
		SolutionGuid = {9E2FE78E-8E03-46B5-8E00-70E3FA6C6CCE}
	EndGlobalSection
EndGlobal
